
Microsoft Visual Studio Solution File, Format Version 12.00
# Visual Studio 14
VisualStudioVersion = 14.0.23107.0
MinimumVisualStudioVersion = 10.0.40219.1
Project("{FAE04EC0-301F-11D3-BF4B-00C04F79EFBC}") = "SiteMonitoringApi", "SiteMonitoringApi\SiteMonitoringApi.csproj", "{C8FD2222-0C23-42B4-A08B-21BED0E59566}"
EndProject
Project("{2150E333-8FDC-42A3-9474-1A3956D46DE8}") = "PublishScripts", "PublishScripts", "{E968B199-912B-4B50-B39A-41A9DA9B15D4}"
	ProjectSection(SolutionItems) = preProject
		PublishScripts\AzureVMPublishModule.psm1 = PublishScripts\AzureVMPublishModule.psm1
		PublishScripts\Publish-WebApplicationVM.ps1 = PublishScripts\Publish-WebApplicationVM.ps1
	EndProjectSection
EndProject
Project("{2150E333-8FDC-42A3-9474-1A3956D46DE8}") = "Configurations", "Configurations", "{B5ED61A5-1541-4257-A0E5-4A5285180A8E}"
	ProjectSection(SolutionItems) = preProject
		PublishScripts\Configurations\SiteMonitoringApi-WAWS-dev.json = PublishScripts\Configurations\SiteMonitoringApi-WAWS-dev.json
	EndProjectSection
EndProject
Project("{FAE04EC0-301F-11D3-BF4B-00C04F79EFBC}") = "SiteMonitoring.Contract", "SiteMonitoring.Contract\SiteMonitoring.Contract.csproj", "{78407E03-1169-4C3C-AE57-A944070BDD5D}"
EndProject
Project("{FAE04EC0-301F-11D3-BF4B-00C04F79EFBC}") = "SiteMonitoringTestHarness", "SiteMonitoringTestHarness\SiteMonitoringTestHarness.csproj", "{B7F350D4-8356-48A6-A967-137B67B7AF14}"
EndProject
Global
	GlobalSection(SolutionConfigurationPlatforms) = preSolution
		Debug|Any CPU = Debug|Any CPU
		Release|Any CPU = Release|Any CPU
	EndGlobalSection
	GlobalSection(ProjectConfigurationPlatforms) = postSolution
		{C8FD2222-0C23-42B4-A08B-21BED0E59566}.Debug|Any CPU.ActiveCfg = Debug|Any CPU
		{C8FD2222-0C23-42B4-A08B-21BED0E59566}.Debug|Any CPU.Build.0 = Debug|Any CPU
		{C8FD2222-0C23-42B4-A08B-21BED0E59566}.Release|Any CPU.ActiveCfg = Release|Any CPU
		{C8FD2222-0C23-42B4-A08B-21BED0E59566}.Release|Any CPU.Build.0 = Release|Any CPU
		{78407E03-1169-4C3C-AE57-A944070BDD5D}.Debug|Any CPU.ActiveCfg = Debug|Any CPU
		{78407E03-1169-4C3C-AE57-A944070BDD5D}.Debug|Any CPU.Build.0 = Debug|Any CPU
		{78407E03-1169-4C3C-AE57-A944070BDD5D}.Release|Any CPU.ActiveCfg = Release|Any CPU
		{78407E03-1169-4C3C-AE57-A944070BDD5D}.Release|Any CPU.Build.0 = Release|Any CPU
		{B7F350D4-8356-48A6-A967-137B67B7AF14}.Debug|Any CPU.ActiveCfg = Debug|Any CPU
		{B7F350D4-8356-48A6-A967-137B67B7AF14}.Debug|Any CPU.Build.0 = Debug|Any CPU
		{B7F350D4-8356-48A6-A967-137B67B7AF14}.Release|Any CPU.ActiveCfg = Release|Any CPU
		{B7F350D4-8356-48A6-A967-137B67B7AF14}.Release|Any CPU.Build.0 = Release|Any CPU
	EndGlobalSection
	GlobalSection(SolutionProperties) = preSolution
		HideSolutionNode = FALSE
	EndGlobalSection
	GlobalSection(NestedProjects) = preSolution
		{B5ED61A5-1541-4257-A0E5-4A5285180A8E} = {E968B199-912B-4B50-B39A-41A9DA9B15D4}
	EndGlobalSection
EndGlobal
